
Microsoft Visual Studio Solution File, Format Version 12.00
# Visual Studio Version 16
VisualStudioVersion = 16.0.30225.117
MinimumVisualStudioVersion = 10.0.40219.1
Project("{FAE04EC0-301F-11D3-BF4B-00C04F79EFBC}") = "music sample", "music sample\music sample.csproj", "{F1B3830B-7FB2-409A-869F-2490FE5676DC}"
EndProject
Global
	GlobalSection(SolutionConfigurationPlatforms) = preSolution
		Debug|Any CPU = Debug|Any CPU
		Release|Any CPU = Release|Any CPU
	EndGlobalSection
	GlobalSection(ProjectConfigurationPlatforms) = postSolution
		{F1B3830B-7FB2-409A-869F-2490FE5676DC}.Debug|Any CPU.ActiveCfg = Debug|Any CPU
		{F1B3830B-7FB2-409A-869F-2490FE5676DC}.Debug|Any CPU.Build.0 = Debug|Any CPU
		{F1B3830B-7FB2-409A-869F-2490FE5676DC}.Release|Any CPU.ActiveCfg = Release|Any CPU
		{F1B3830B-7FB2-409A-869F-2490FE5676DC}.Release|Any CPU.Build.0 = Release|Any CPU
	EndGlobalSection
	GlobalSection(SolutionProperties) = preSolution
		HideSolutionNode = FALSE
	EndGlobalSection
	GlobalSection(ExtensibilityGlobals) = postSolution
		SolutionGuid = {C5259BCC-F6C1-4C90-A4BF-23C03C357067}
	EndGlobalSection
EndGlobal
